
Microsoft Visual Studio Solution File, Format Version 12.00
# Visual Studio 2015
Project("{FAE04EC0-301F-11D3-BF4B-00C04F79EFBC}") = "Interact360.CSharp", "Interact360.CSharp.csproj", "{A30022D0-E5A7-A85E-44D3-963D5BFA2E66}"
EndProject
Project("{FAE04EC0-301F-11D3-BF4B-00C04F79EFBC}") = "Interact360.CSharp.Editor", "Interact360.CSharp.Editor.csproj", "{1C23F9BE-F20E-A020-8CBA-397E7A6140EE}"
EndProject
Global
	GlobalSection(SolutionConfigurationPlatforms) = preSolution
		Debug|Any CPU = Debug|Any CPU
		Release|Any CPU = Release|Any CPU
	EndGlobalSection
	GlobalSection(ProjectConfigurationPlatforms) = postSolution
		{A30022D0-E5A7-A85E-44D3-963D5BFA2E66}.Debug|Any CPU.ActiveCfg = Debug|Any CPU
		{A30022D0-E5A7-A85E-44D3-963D5BFA2E66}.Debug|Any CPU.Build.0 = Debug|Any CPU
		{A30022D0-E5A7-A85E-44D3-963D5BFA2E66}.Release|Any CPU.ActiveCfg = Release|Any CPU
		{A30022D0-E5A7-A85E-44D3-963D5BFA2E66}.Release|Any CPU.Build.0 = Release|Any CPU
		{1C23F9BE-F20E-A020-8CBA-397E7A6140EE}.Debug|Any CPU.ActiveCfg = Debug|Any CPU
		{1C23F9BE-F20E-A020-8CBA-397E7A6140EE}.Debug|Any CPU.Build.0 = Debug|Any CPU
		{1C23F9BE-F20E-A020-8CBA-397E7A6140EE}.Release|Any CPU.ActiveCfg = Release|Any CPU
		{1C23F9BE-F20E-A020-8CBA-397E7A6140EE}.Release|Any CPU.Build.0 = Release|Any CPU
	EndGlobalSection
	GlobalSection(SolutionProperties) = preSolution
		HideSolutionNode = FALSE
	EndGlobalSection
EndGlobal
